
Microsoft Visual Studio Solution File, Format Version 12.00
# Visual Studio Version 17
VisualStudioVersion = 17.13.35617.110 d17.13
MinimumVisualStudioVersion = 10.0.40219.1
Project("{FAE04EC0-301F-11D3-BF4B-00C04F79EFBC}") = "RecruitmentTaskTriangle.Console", "RecruitmentTaskTriangle.Console\RecruitmentTaskTriangle.Console.csproj", "{A1B52D75-4D81-413E-862F-5EA3D0975019}"
EndProject
Project("{FAE04EC0-301F-11D3-BF4B-00C04F79EFBC}") = "RecruitmentTaskTriangle.Test", "RecruitmentTaskTriangle.Test\RecruitmentTaskTriangle.Test.csproj", "{45E4FC94-C31B-4452-8891-0C4986D0D20C}"
EndProject
Global
	GlobalSection(SolutionConfigurationPlatforms) = preSolution
		Debug|Any CPU = Debug|Any CPU
		Release|Any CPU = Release|Any CPU
	EndGlobalSection
	GlobalSection(ProjectConfigurationPlatforms) = postSolution
		{A1B52D75-4D81-413E-862F-5EA3D0975019}.Debug|Any CPU.ActiveCfg = Debug|Any CPU
		{A1B52D75-4D81-413E-862F-5EA3D0975019}.Debug|Any CPU.Build.0 = Debug|Any CPU
		{A1B52D75-4D81-413E-862F-5EA3D0975019}.Release|Any CPU.ActiveCfg = Release|Any CPU
		{A1B52D75-4D81-413E-862F-5EA3D0975019}.Release|Any CPU.Build.0 = Release|Any CPU
		{45E4FC94-C31B-4452-8891-0C4986D0D20C}.Debug|Any CPU.ActiveCfg = Debug|Any CPU
		{45E4FC94-C31B-4452-8891-0C4986D0D20C}.Debug|Any CPU.Build.0 = Debug|Any CPU
		{45E4FC94-C31B-4452-8891-0C4986D0D20C}.Release|Any CPU.ActiveCfg = Release|Any CPU
		{45E4FC94-C31B-4452-8891-0C4986D0D20C}.Release|Any CPU.Build.0 = Release|Any CPU
	EndGlobalSection
	GlobalSection(SolutionProperties) = preSolution
		HideSolutionNode = FALSE
	EndGlobalSection
	GlobalSection(ExtensibilityGlobals) = postSolution
		SolutionGuid = {825C7C49-D52B-4A3E-903F-69C83C69D7EC}
	EndGlobalSection
EndGlobal
